<?xml version="1.0" encoding="utf-8"?>
<Project ToolsVersion="4.0" xmlns="http://schemas.microsoft.com/developer/msbuild/2003">
  <ItemGroup>
    <Filter Include="Src">
      <UniqueIdentifier>{9e41b38b-ec96-4ee9-80ba-fcc36e552dec}</UniqueIdentifier>
    </Filter>
    <Filter Include="Inc">
      <UniqueIdentifier>{67ba39e0-e821-4522-a4ac-f4f4f4f615df}</UniqueIdentifier>
    </Filter>
    <Filter Include="Classes">
      <UniqueIdentifier>{777306a8-d5c5-4b8c-b585-7887ca1980c3}</UniqueIdentifier>
    </Filter>
  </ItemGroup>
  <ItemGroup>
    <ClCompile Include="Src\UTEditor.cpp">
      <Filter>Src</Filter>
    </ClCompile>
  </ItemGroup>
  <ItemGroup>
    <ClInclude Include="Inc\UTEditor.h">
      <Filter>Inc</Filter>
    </ClInclude>
    <ClInclude Include="Inc\UTEditorClasses.h">
      <Filter>Inc</Filter>
    </ClInclude>
    <ClInclude Include="Inc\UTEditorFactories.h">
      <Filter>Inc</Filter>
    </ClInclude>
    <ClInclude Include="Inc\UTEditorNames.h">
      <Filter>Inc</Filter>
    </ClInclude>
  </ItemGroup>
  <ItemGroup>
    <None Include="Classes\GenericBrowserType_UTMapMusicInfo.uc">
      <Filter>Classes</Filter>
    </None>
    <None Include="Classes\UTUnrealEdEngine.uc">
      <Filter>Classes</Filter>
    </None>
  </ItemGroup>
</Project>